
Microsoft Visual Studio Solution File, Format Version 12.00
# Visual Studio Version 16
VisualStudioVersion = 16.0.31205.134
MinimumVisualStudioVersion = 10.0.40219.1
Project("{FAE04EC0-301F-11D3-BF4B-00C04F79EFBC}") = "Onlineshop", "Onlineshop.csproj", "{AF56FA62-8C83-4B5C-9611-14E3155F9F73}"
EndProject
Global
	GlobalSection(SolutionConfigurationPlatforms) = preSolution
		Debug|Any CPU = Debug|Any CPU
		Release|Any CPU = Release|Any CPU
	EndGlobalSection
	GlobalSection(ProjectConfigurationPlatforms) = postSolution
		{AF56FA62-8C83-4B5C-9611-14E3155F9F73}.Debug|Any CPU.ActiveCfg = Debug|Any CPU
		{AF56FA62-8C83-4B5C-9611-14E3155F9F73}.Debug|Any CPU.Build.0 = Debug|Any CPU
		{AF56FA62-8C83-4B5C-9611-14E3155F9F73}.Release|Any CPU.ActiveCfg = Release|Any CPU
		{AF56FA62-8C83-4B5C-9611-14E3155F9F73}.Release|Any CPU.Build.0 = Release|Any CPU
	EndGlobalSection
	GlobalSection(SolutionProperties) = preSolution
		HideSolutionNode = FALSE
	EndGlobalSection
	GlobalSection(ExtensibilityGlobals) = postSolution
		SolutionGuid = {0299807A-01D2-4BFD-BB7D-AF0CAC66A145}
	EndGlobalSection
EndGlobal
